{
  "version": 4,
  "terraform_version": "1.15.8",
  "serial": 9,
  "lineage": "e0aeedd1-6988-0cdd-eb63-37e615442b88",
  "outputs": {
    "provisioned_requests": {
      "value": [
        "example-team/example"
      ],
      "type": [
        "tuple",
        [
          "string"
        ]
      ]
    }
  },
  "resources": [
    {
      "module": "module.database[\"example-team/example\"]",
      "mode": "managed",
      "type": "snowflake_database",
      "name": "this",
      "provider": "provider[\"registry.terraform.io/snowflakedb/snowflake\"]",
      "instances": [
        {
          "schema_version": 1,
          "attributes": {
            "catalog": "",
            "comment": "Example team database",
            "data_retention_time_in_days": 1,
            "default_ddl_collation": "",
            "default_notebook_compute_pool_cpu": "SYSTEM_COMPUTE_POOL_CPU",
            "default_notebook_compute_pool_gpu": "SYSTEM_COMPUTE_POOL_GPU",
            "drop_public_schema_on_creation": null,
            "enable_console_output": false,
            "external_volume": "",
            "fully_qualified_name": "\"EXAMPLE_DB\"",
            "id": "EXAMPLE_DB",
            "is_transient": false,
            "log_event_level": "OFF",
            "log_level": "OFF",
            "max_data_extension_time_in_days": 14,
            "name": "EXAMPLE_DB",
            "quoted_identifiers_ignore_case": false,
            "replace_invalid_characters": false,
            "replication": [],
            "storage_serialization_policy": "OPTIMIZED",
            "suspend_task_after_num_failures": 10,
            "task_auto_retry_attempts": 0,
            "timeouts": null,
            "trace_level": "OFF",
            "user_task_managed_initial_warehouse_size": "Medium",
            "user_task_minimum_trigger_interval_in_seconds": 30,
            "user_task_timeout_ms": 3600000
          },
          "sensitive_attributes": [],
          "identity_schema_version": 0,
          "private": "eyJlMmJmYjczMC1lY2FhLTExZTYtOGY4OC0zNDM2M2JjN2M0YzAiOnsiY3JlYXRlIjoxMjAwMDAwMDAwMDAwLCJkZWxldGUiOjEyMDAwMDAwMDAwMDAsInJlYWQiOjEyMDAwMDAwMDAwMDAsInVwZGF0ZSI6MTIwMDAwMDAwMDAwMH0sInNjaGVtYV92ZXJzaW9uIjoiMSJ9"
        }
      ]
    },
    {
      "module": "module.database_role[\"example-team/example\"]",
      "mode": "managed",
      "type": "snowflake_database_role",
      "name": "this",
      "provider": "provider[\"registry.terraform.io/snowflakedb/snowflake\"]",
      "instances": [
        {
          "schema_version": 1,
          "attributes": {
            "comment": "",
            "database": "EXAMPLE_DB",
            "fully_qualified_name": "\"EXAMPLE_DB\".\"EXAMPLE_DB_ROLE\"",
            "id": "\"EXAMPLE_DB\".\"EXAMPLE_DB_ROLE\"",
            "name": "EXAMPLE_DB_ROLE",
            "show_output": [
              {
                "comment": "",
                "created_on": "2026-08-18T11:35:13.533-07:00",
                "database_name": "EXAMPLE_DB",
                "granted_database_roles": 0,
                "granted_to_database_roles": 0,
                "granted_to_roles": 0,
                "is_current": false,
                "is_default": false,
                "is_inherited": false,
                "name": "EXAMPLE_DB_ROLE",
                "owner": "CICD_PROVISIONER_ROLE",
                "owner_role_type": "ROLE"
              }
            ],
            "timeouts": null
          },
          "sensitive_attributes": [],
          "identity_schema_version": 0,
          "private": "eyJlMmJmYjczMC1lY2FhLTExZTYtOGY4OC0zNDM2M2JjN2M0YzAiOnsiY3JlYXRlIjoxMjAwMDAwMDAwMDAwLCJkZWxldGUiOjEyMDAwMDAwMDAwMDAsInJlYWQiOjEyMDAwMDAwMDAwMDAsInVwZGF0ZSI6MTIwMDAwMDAwMDAwMH0sInNjaGVtYV92ZXJzaW9uIjoiMSJ9",
          "dependencies": [
            "module.database.snowflake_database.this"
          ]
        }
      ]
    },
    {
      "module": "module.database_role[\"example-team/example\"]",
      "mode": "managed",
      "type": "snowflake_grant_privileges_to_database_role",
      "name": "this",
      "provider": "provider[\"registry.terraform.io/snowflakedb/snowflake\"]",
      "instances": [
        {
          "index_key": "0",
          "schema_version": 0,
          "attributes": {
            "all_privileges": false,
            "always_apply": false,
            "always_apply_trigger": null,
            "database_role_name": "\"EXAMPLE_DB\".\"EXAMPLE_DB_ROLE\"",
            "id": "\"EXAMPLE_DB\".\"EXAMPLE_DB_ROLE\"|false|false|USAGE|OnDatabase|\"EXAMPLE_DB\"",
            "on_database": "EXAMPLE_DB",
            "on_schema": [],
            "on_schema_object": [],
            "privileges": [
              "USAGE"
            ],
            "timeouts": null,
            "with_grant_option": false
          },
          "sensitive_attributes": [],
          "identity_schema_version": 0,
          "private": "eyJlMmJmYjczMC1lY2FhLTExZTYtOGY4OC0zNDM2M2JjN2M0YzAiOnsiY3JlYXRlIjoxMjAwMDAwMDAwMDAwLCJkZWxldGUiOjEyMDAwMDAwMDAwMDAsInJlYWQiOjEyMDAwMDAwMDAwMDAsInVwZGF0ZSI6MTIwMDAwMDAwMDAwMH19",
          "dependencies": [
            "module.database.snowflake_database.this",
            "module.database_role.snowflake_database_role.this"
          ]
        },
        {
          "index_key": "1",
          "schema_version": 0,
          "attributes": {
            "all_privileges": false,
            "always_apply": false,
            "always_apply_trigger": null,
            "database_role_name": "\"EXAMPLE_DB\".\"EXAMPLE_DB_ROLE\"",
            "id": "\"EXAMPLE_DB\".\"EXAMPLE_DB_ROLE\"|false|false|CREATE SCHEMA|OnDatabase|\"EXAMPLE_DB\"",
            "on_database": "EXAMPLE_DB",
            "on_schema": [],
            "on_schema_object": [],
            "privileges": [
              "CREATE SCHEMA"
            ],
            "timeouts": null,
            "with_grant_option": false
          },
          "sensitive_attributes": [],
          "identity_schema_version": 0,
          "private": "eyJlMmJmYjczMC1lY2FhLTExZTYtOGY4OC0zNDM2M2JjN2M0YzAiOnsiY3JlYXRlIjoxMjAwMDAwMDAwMDAwLCJkZWxldGUiOjEyMDAwMDAwMDAwMDAsInJlYWQiOjEyMDAwMDAwMDAwMDAsInVwZGF0ZSI6MTIwMDAwMDAwMDAwMH19",
          "dependencies": [
            "module.database.snowflake_database.this",
            "module.database_role.snowflake_database_role.this"
          ]
        }
      ]
    },
    {
      "module": "module.functional_role[\"example-team/example\"]",
      "mode": "managed",
      "type": "snowflake_account_role",
      "name": "this",
      "provider": "provider[\"registry.terraform.io/snowflakedb/snowflake\"]",
      "instances": [
        {
          "schema_version": 0,
          "attributes": {
            "comment": "",
            "fully_qualified_name": "\"EXAMPLE_FUNCTIONAL_ROLE\"",
            "id": "EXAMPLE_FUNCTIONAL_ROLE",
            "name": "EXAMPLE_FUNCTIONAL_ROLE",
            "show_output": [
              {
                "assigned_to_users": 0,
                "comment": "",
                "created_on": "2026-08-18 11:35:12.156 -0700 PDT",
                "granted_roles": 0,
                "granted_to_roles": 0,
                "is_current": false,
                "is_default": false,
                "is_inherited": false,
                "name": "EXAMPLE_FUNCTIONAL_ROLE",
                "owner": "CICD_PROVISIONER_ROLE"
              }
            ],
            "timeouts": null
          },
          "sensitive_attributes": [],
          "identity_schema_version": 0,
          "private": "eyJlMmJmYjczMC1lY2FhLTExZTYtOGY4OC0zNDM2M2JjN2M0YzAiOnsiY3JlYXRlIjoxMjAwMDAwMDAwMDAwLCJkZWxldGUiOjEyMDAwMDAwMDAwMDAsInJlYWQiOjEyMDAwMDAwMDAwMDAsInVwZGF0ZSI6MTIwMDAwMDAwMDAwMH19"
        }
      ]
    },
    {
      "module": "module.functional_role[\"example-team/example\"]",
      "mode": "managed",
      "type": "snowflake_grant_database_role",
      "name": "this",
      "provider": "provider[\"registry.terraform.io/snowflakedb/snowflake\"]",
      "instances": [
        {
          "index_key": "0",
          "schema_version": 0,
          "attributes": {
            "database_role_name": "\"EXAMPLE_DB\".\"EXAMPLE_DB_ROLE\"",
            "id": "\"EXAMPLE_DB\".\"EXAMPLE_DB_ROLE\"|ROLE|\"EXAMPLE_FUNCTIONAL_ROLE\"",
            "parent_database_role_name": null,
            "parent_role_name": "EXAMPLE_FUNCTIONAL_ROLE",
            "share_name": null,
            "timeouts": null
          },
          "sensitive_attributes": [],
          "identity_schema_version": 0,
          "private": "eyJlMmJmYjczMC1lY2FhLTExZTYtOGY4OC0zNDM2M2JjN2M0YzAiOnsiY3JlYXRlIjoxMjAwMDAwMDAwMDAwLCJkZWxldGUiOjEyMDAwMDAwMDAwMDAsInJlYWQiOjEyMDAwMDAwMDAwMDAsInVwZGF0ZSI6MTIwMDAwMDAwMDAwMH19",
          "dependencies": [
            "module.database.snowflake_database.this",
            "module.database_role.snowflake_database_role.this",
            "module.database_role.snowflake_grant_privileges_to_database_role.this",
            "module.functional_role.snowflake_account_role.this"
          ]
        }
      ]
    },
    {
      "module": "module.functional_role[\"example-team/example\"]",
      "mode": "managed",
      "type": "snowflake_grant_privileges_to_account_role",
      "name": "warehouse_usage",
      "provider": "provider[\"registry.terraform.io/snowflakedb/snowflake\"]",
      "instances": [
        {
          "index_key": 0,
          "schema_version": 0,
          "attributes": {
            "account_role_name": "EXAMPLE_FUNCTIONAL_ROLE",
            "all_privileges": false,
            "always_apply": false,
            "always_apply_trigger": null,
            "id": "\"EXAMPLE_FUNCTIONAL_ROLE\"|false|false|USAGE|OnAccountObject|WAREHOUSE|\"EXAMPLE_WH\"",
            "on_account": false,
            "on_account_object": [
              {
                "inherited": [],
                "object_name": "EXAMPLE_WH",
                "object_type": "WAREHOUSE"
              }
            ],
            "on_schema": [],
            "on_schema_object": [],
            "privileges": [
              "USAGE"
            ],
            "strict_privilege_management": false,
            "timeouts": null,
            "with_grant_option": false
          },
          "sensitive_attributes": [],
          "identity_schema_version": 0,
          "private": "eyJlMmJmYjczMC1lY2FhLTExZTYtOGY4OC0zNDM2M2JjN2M0YzAiOnsiY3JlYXRlIjoxMjAwMDAwMDAwMDAwLCJkZWxldGUiOjEyMDAwMDAwMDAwMDAsInJlYWQiOjEyMDAwMDAwMDAwMDAsInVwZGF0ZSI6MTIwMDAwMDAwMDAwMH19",
          "dependencies": [
            "module.functional_role.snowflake_account_role.this",
            "module.warehouse.snowflake_warehouse.this"
          ]
        }
      ]
    },
    {
      "module": "module.warehouse[\"example-team/example\"]",
      "mode": "managed",
      "type": "snowflake_warehouse",
      "name": "this",
      "provider": "provider[\"registry.terraform.io/snowflakedb/snowflake\"]",
      "instances": [
        {
          "schema_version": 2,
          "attributes": {
            "auto_resume": "true",
            "auto_suspend": 60,
            "comment": "",
            "enable_query_acceleration": "default",
            "fully_qualified_name": "\"EXAMPLE_WH\"",
            "generation": null,
            "id": "EXAMPLE_WH",
            "initially_suspended": null,
            "max_cluster_count": null,
            "max_concurrency_level": 8,
            "min_cluster_count": null,
            "name": "EXAMPLE_WH",
            "parameters": [
              {
                "max_concurrency_level": [
                  {
                    "default": "8",
                    "description": "Maximum number of SQL statements a warehouse cluster can execute concurrently before queuing them. Small SQL statements count as a fraction of 1.",
                    "key": "MAX_CONCURRENCY_LEVEL",
                    "level": "",
                    "value": "8"
                  }
                ],
                "statement_queued_timeout_in_seconds": [
                  {
                    "default": "0",
                    "description": "Timeout in seconds for queued statements: statements will automatically be canceled if they are queued on a warehouse for longer than this amount of time; disabled if set to zero.",
                    "key": "STATEMENT_QUEUED_TIMEOUT_IN_SECONDS",
                    "level": "",
                    "value": "0"
                  }
                ],
                "statement_timeout_in_seconds": [
                  {
                    "default": "172800",
                    "description": "Timeout in seconds for statements: statements are automatically canceled if they run for longer; if set to zero, max value (604800) is enforced.",
                    "key": "STATEMENT_TIMEOUT_IN_SECONDS",
                    "level": "",
                    "value": "172800"
                  }
                ]
              }
            ],
            "query_acceleration_max_scale_factor": -1,
            "resource_constraint": null,
            "resource_monitor": null,
            "scaling_policy": null,
            "show_output": [
              {
                "auto_resume": true,
                "auto_suspend": 60,
                "available": 100,
                "comment": "",
                "created_on": "2026-08-18 11:35:12.62 -0700 PDT",
                "enable_query_acceleration": false,
                "generation": "2",
                "is_current": true,
                "is_default": false,
                "max_cluster_count": 0,
                "min_cluster_count": 0,
                "name": "EXAMPLE_WH",
                "other": 0,
                "owner": "CICD_PROVISIONER_ROLE",
                "owner_role_type": "ROLE",
                "provisioning": 0,
                "query_acceleration_max_scale_factor": 0,
                "queued": 0,
                "quiescing": 0,
                "resource_constraint": "",
                "resource_monitor": "",
                "resumed_on": "2026-08-18 11:35:12.795 -0700 PDT",
                "running": 0,
                "scaling_policy": "",
                "size": "XSMALL",
                "started_clusters": 0,
                "state": "STARTED",
                "type": "STANDARD",
                "updated_on": "2026-08-18 11:35:12.795 -0700 PDT"
              }
            ],
            "statement_queued_timeout_in_seconds": 0,
            "statement_timeout_in_seconds": 172800,
            "timeouts": null,
            "warehouse_size": "XSMALL",
            "warehouse_type": null
          },
          "sensitive_attributes": [],
          "identity_schema_version": 0,
          "private": "eyJlMmJmYjczMC1lY2FhLTExZTYtOGY4OC0zNDM2M2JjN2M0YzAiOnsiY3JlYXRlIjoxMjAwMDAwMDAwMDAwLCJkZWxldGUiOjEyMDAwMDAwMDAwMDAsInJlYWQiOjEyMDAwMDAwMDAwMDAsInVwZGF0ZSI6MTIwMDAwMDAwMDAwMH0sInNjaGVtYV92ZXJzaW9uIjoiMiJ9"
        }
      ]
    }
  ],
  "check_results": null
}
